// !$*UTF8*$!
{
	archiveVersion = 1;
	classes = {
	};
	objectVersion = 55;
	objects = {

/* Begin PBXBuildFile section */
		AE0D58AF28C2F8C4005261D1 /* AppDelegate.swift in Sources */ = {isa = PBXBuildFile; fileRef = AE0D58AE28C2F8C4005261D1 /* AppDelegate.swift */; };
		AE0D58B128C2F8C4005261D1 /* SceneDelegate.swift in Sources */ = {isa = PBXBuildFile; fileRef = AE0D58B028C2F8C4005261D1 /* SceneDelegate.swift */; };
		AE0D58B328C2F8C4005261D1 /* ViewController.swift in Sources */ = {isa = PBXBuildFile; fileRef = AE0D58B228C2F8C4005261D1 /* ViewController.swift */; };
		AE0D58B828C2F8C7005261D1 /* Assets.xcassets in Resources */ = {isa = PBXBuildFile; fileRef = AE0D58B728C2F8C7005261D1 /* Assets.xcassets */; };
		AE0D58BB28C2F8C7005261D1 /* LaunchScreen.storyboard in Resources */ = {isa = PBXBuildFile; fileRef = AE0D58B928C2F8C7005261D1 /* LaunchScreen.storyboard */; };
		AE0D58C628C2F8C8005261D1 /* BankTeruyaTests.swift in Sources */ = {isa = PBXBuildFile; fileRef = AE0D58C528C2F8C8005261D1 /* BankTeruyaTests.swift */; };
		AE0D58D028C2F8C8005261D1 /* BankTeruyaUITests.swift in Sources */ = {isa = PBXBuildFile; fileRef = AE0D58CF28C2F8C8005261D1 /* BankTeruyaUITests.swift */; };
		AE0D58D228C2F8C8005261D1 /* BankTeruyaUITestsLaunchTests.swift in Sources */ = {isa = PBXBuildFile; fileRef = AE0D58D128C2F8C8005261D1 /* BankTeruyaUITestsLaunchTests.swift */; };
		AE0D58DF28C2FD1E005261D1 /* ViewController.xib in Resources */ = {isa = PBXBuildFile; fileRef = AE0D58DE28C2FD1E005261D1 /* ViewController.xib */; };
		AE0D58FA28C31A3E005261D1 /* LoginPresenter.swift in Sources */ = {isa = PBXBuildFile; fileRef = AE0D58F928C31A3E005261D1 /* LoginPresenter.swift */; };
		AE0D58FD28C31A84005261D1 /* LoginModel.swift in Sources */ = {isa = PBXBuildFile; fileRef = AE0D58FC28C31A84005261D1 /* LoginModel.swift */; };
		AE0D590028C31CB6005261D1 /* LoginService.swift in Sources */ = {isa = PBXBuildFile; fileRef = AE0D58FF28C31CB6005261D1 /* LoginService.swift */; };
		AE0D590328C31E9D005261D1 /* Coordinator.swift in Sources */ = {isa = PBXBuildFile; fileRef = AE0D590228C31E9D005261D1 /* Coordinator.swift */; };
		AE0D590528C31EBF005261D1 /* AppCoordinator.swift in Sources */ = {isa = PBXBuildFile; fileRef = AE0D590428C31EBF005261D1 /* AppCoordinator.swift */; };
		AE0D590928C44556005261D1 /* AccountController.swift in Sources */ = {isa = PBXBuildFile; fileRef = AE0D590828C44556005261D1 /* AccountController.swift */; };
		AE0D590B28C445AF005261D1 /* AccountController.xib in Resources */ = {isa = PBXBuildFile; fileRef = AE0D590A28C445AF005261D1 /* AccountController.xib */; };
/* End PBXBuildFile section */

/* Begin PBXContainerItemProxy section */
		AE0D58C228C2F8C8005261D1 /* PBXContainerItemProxy */ = {
			isa = PBXContainerItemProxy;
			containerPortal = AE0D58A328C2F8C4005261D1 /* Project object */;
			proxyType = 1;
			remoteGlobalIDString = AE0D58AA28C2F8C4005261D1;
			remoteInfo = BankTeruya;
		};
		AE0D58CC28C2F8C8005261D1 /* PBXContainerItemProxy */ = {
			isa = PBXContainerItemProxy;
			containerPortal = AE0D58A328C2F8C4005261D1 /* Project object */;
			proxyType = 1;
			remoteGlobalIDString = AE0D58AA28C2F8C4005261D1;
			remoteInfo = BankTeruya;
		};
/* End PBXContainerItemProxy section */

/* Begin PBXFileReference section */
		AE0D58AB28C2F8C4005261D1 /* BankTeruya.app */ = {isa = PBXFileReference; explicitFileType = wrapper.application; includeInIndex = 0; path = BankTeruya.app; sourceTree = BUILT_PRODUCTS_DIR; };
		AE0D58AE28C2F8C4005261D1 /* AppDelegate.swift */ = {isa = PBXFileReference; lastKnownFileType = sourcecode.swift; path = AppDelegate.swift; sourceTree = "<group>"; };
		AE0D58B028C2F8C4005261D1 /* SceneDelegate.swift */ = {isa = PBXFileReference; lastKnownFileType = sourcecode.swift; path = SceneDelegate.swift; sourceTree = "<group>"; };
		AE0D58B228C2F8C4005261D1 /* ViewController.swift */ = {isa = PBXFileReference; lastKnownFileType = sourcecode.swift; path = ViewController.swift; sourceTree = "<group>"; };
		AE0D58B728C2F8C7005261D1 /* Assets.xcassets */ = {isa = PBXFileReference; lastKnownFileType = folder.assetcatalog; path = Assets.xcassets; sourceTree = "<group>"; };
		AE0D58BA28C2F8C7005261D1 /* Base */ = {isa = PBXFileReference; lastKnownFileType = file.storyboard; name = Base; path = Base.lproj/LaunchScreen.storyboard; sourceTree = "<group>"; };
		AE0D58BC28C2F8C7005261D1 /* Info.plist */ = {isa = PBXFileReference; lastKnownFileType = text.plist.xml; path = Info.plist; sourceTree = "<group>"; };
		AE0D58C128C2F8C8005261D1 /* BankTeruyaTests.xctest */ = {isa = PBXFileReference; explicitFileType = wrapper.cfbundle; includeInIndex = 0; path = BankTeruyaTests.xctest; sourceTree = BUILT_PRODUCTS_DIR; };
		AE0D58C528C2F8C8005261D1 /* BankTeruyaTests.swift */ = {isa = PBXFileReference; lastKnownFileType = sourcecode.swift; path = BankTeruyaTests.swift; sourceTree = "<group>"; };
		AE0D58CB28C2F8C8005261D1 /* BankTeruyaUITests.xctest */ = {isa = PBXFileReference; explicitFileType = wrapper.cfbundle; includeInIndex = 0; path = BankTeruyaUITests.xctest; sourceTree = BUILT_PRODUCTS_DIR; };
		AE0D58CF28C2F8C8005261D1 /* BankTeruyaUITests.swift */ = {isa = PBXFileReference; lastKnownFileType = sourcecode.swift; path = BankTeruyaUITests.swift; sourceTree = "<group>"; };
		AE0D58D128C2F8C8005261D1 /* BankTeruyaUITestsLaunchTests.swift */ = {isa = PBXFileReference; lastKnownFileType = sourcecode.swift; path = BankTeruyaUITestsLaunchTests.swift; sourceTree = "<group>"; };
		AE0D58DE28C2FD1E005261D1 /* ViewController.xib */ = {isa = PBXFileReference; lastKnownFileType = file.xib; path = ViewController.xib; sourceTree = "<group>"; };
		AE0D58F928C31A3E005261D1 /* LoginPresenter.swift */ = {isa = PBXFileReference; lastKnownFileType = sourcecode.swift; path = LoginPresenter.swift; sourceTree = "<group>"; };
		AE0D58FC28C31A84005261D1 /* LoginModel.swift */ = {isa = PBXFileReference; lastKnownFileType = sourcecode.swift; path = LoginModel.swift; sourceTree = "<group>"; };
		AE0D58FF28C31CB6005261D1 /* LoginService.swift */ = {isa = PBXFileReference; lastKnownFileType = sourcecode.swift; path = LoginService.swift; sourceTree = "<group>"; };
		AE0D590228C31E9D005261D1 /* Coordinator.swift */ = {isa = PBXFileReference; lastKnownFileType = sourcecode.swift; path = Coordinator.swift; sourceTree = "<group>"; };
		AE0D590428C31EBF005261D1 /* AppCoordinator.swift */ = {isa = PBXFileReference; lastKnownFileType = sourcecode.swift; path = AppCoordinator.swift; sourceTree = "<group>"; };
		AE0D590828C44556005261D1 /* AccountController.swift */ = {isa = PBXFileReference; lastKnownFileType = sourcecode.swift; path = AccountController.swift; sourceTree = "<group>"; };
		AE0D590A28C445AF005261D1 /* AccountController.xib */ = {isa = PBXFileReference; lastKnownFileType = file.xib; path = AccountController.xib; sourceTree = "<group>"; };
/* End PBXFileReference section */

/* Begin PBXFrameworksBuildPhase section */
		AE0D58A828C2F8C4005261D1 /* Frameworks */ = {
			isa = PBXFrameworksBuildPhase;
			buildActionMask = 2147483647;
			files = (
			);
			runOnlyForDeploymentPostprocessing = 0;
		};
		AE0D58BE28C2F8C8005261D1 /* Frameworks */ = {
			isa = PBXFrameworksBuildPhase;
			buildActionMask = 2147483647;
			files = (
			);
			runOnlyForDeploymentPostprocessing = 0;
		};
		AE0D58C828C2F8C8005261D1 /* Frameworks */ = {
			isa = PBXFrameworksBuildPhase;
			buildActionMask = 2147483647;
			files = (
			);
			runOnlyForDeploymentPostprocessing = 0;
		};
/* End PBXFrameworksBuildPhase section */

/* Begin PBXGroup section */
		AE0D58A228C2F8C4005261D1 = {
			isa = PBXGroup;
			children = (
				AE0D58AD28C2F8C4005261D1 /* BankTeruya */,
				AE0D58C428C2F8C8005261D1 /* BankTeruyaTests */,
				AE0D58CE28C2F8C8005261D1 /* BankTeruyaUITests */,
				AE0D58AC28C2F8C4005261D1 /* Products */,
			);
			sourceTree = "<group>";
		};
		AE0D58AC28C2F8C4005261D1 /* Products */ = {
			isa = PBXGroup;
			children = (
				AE0D58AB28C2F8C4005261D1 /* BankTeruya.app */,
				AE0D58C128C2F8C8005261D1 /* BankTeruyaTests.xctest */,
				AE0D58CB28C2F8C8005261D1 /* BankTeruyaUITests.xctest */,
			);
			name = Products;
			sourceTree = "<group>";
		};
		AE0D58AD28C2F8C4005261D1 /* BankTeruya */ = {
			isa = PBXGroup;
			children = (
				AE0D590128C31E8E005261D1 /* Coordinator */,
				AE0D58FE28C31CA6005261D1 /* Service */,
				AE0D58FB28C31A75005261D1 /* Model */,
				AE0D58F828C31A28005261D1 /* Presenter */,
				AE0D58B228C2F8C4005261D1 /* ViewController.swift */,
				AE0D58DE28C2FD1E005261D1 /* ViewController.xib */,
				AE0D58F728C318C0005261D1 /* View */,
				AE0D58AE28C2F8C4005261D1 /* AppDelegate.swift */,
				AE0D58B028C2F8C4005261D1 /* SceneDelegate.swift */,
				AE0D58B728C2F8C7005261D1 /* Assets.xcassets */,
				AE0D58B928C2F8C7005261D1 /* LaunchScreen.storyboard */,
				AE0D58BC28C2F8C7005261D1 /* Info.plist */,
			);
			path = BankTeruya;
			sourceTree = "<group>";
		};
		AE0D58C428C2F8C8005261D1 /* BankTeruyaTests */ = {
			isa = PBXGroup;
			children = (
				AE0D58C528C2F8C8005261D1 /* BankTeruyaTests.swift */,
			);
			path = BankTeruyaTests;
			sourceTree = "<group>";
		};
		AE0D58CE28C2F8C8005261D1 /* BankTeruyaUITests */ = {
			isa = PBXGroup;
			children = (
				AE0D58CF28C2F8C8005261D1 /* BankTeruyaUITests.swift */,
				AE0D58D128C2F8C8005261D1 /* BankTeruyaUITestsLaunchTests.swift */,
			);
			path = BankTeruyaUITests;
			sourceTree = "<group>";
		};
		AE0D58F728C318C0005261D1 /* View */ = {
			isa = PBXGroup;
			children = (
				AE0D590828C44556005261D1 /* AccountController.swift */,
				AE0D590A28C445AF005261D1 /* AccountController.xib */,
			);
			path = View;
			sourceTree = "<group>";
		};
		AE0D58F828C31A28005261D1 /* Presenter */ = {
			isa = PBXGroup;
			children = (
				AE0D58F928C31A3E005261D1 /* LoginPresenter.swift */,
			);
			path = Presenter;
			sourceTree = "<group>";
		};
		AE0D58FB28C31A75005261D1 /* Model */ = {
			isa = PBXGroup;
			children = (
				AE0D58FC28C31A84005261D1 /* LoginModel.swift */,
			);
			path = Model;
			sourceTree = "<group>";
		};
		AE0D58FE28C31CA6005261D1 /* Service */ = {
			isa = PBXGroup;
			children = (
				AE0D58FF28C31CB6005261D1 /* LoginService.swift */,
			);
			path = Service;
			sourceTree = "<group>";
		};
		AE0D590128C31E8E005261D1 /* Coordinator */ = {
			isa = PBXGroup;
			children = (
				AE0D590228C31E9D005261D1 /* Coordinator.swift */,
				AE0D590428C31EBF005261D1 /* AppCoordinator.swift */,
			);
			path = Coordinator;
			sourceTree = "<group>";
		};
/* End PBXGroup section */

/* Begin PBXNativeTarget section */
		AE0D58AA28C2F8C4005261D1 /* BankTeruya */ = {
			isa = PBXNativeTarget;
			buildConfigurationList = AE0D58D528C2F8C8005261D1 /* Build configuration list for PBXNativeTarget "BankTeruya" */;
			buildPhases = (
				AE0D58A728C2F8C4005261D1 /* Sources */,
				AE0D58A828C2F8C4005261D1 /* Frameworks */,
				AE0D58A928C2F8C4005261D1 /* Resources */,
			);
			buildRules = (
			);
			dependencies = (
			);
			name = BankTeruya;
			productName = BankTeruya;
			productReference = AE0D58AB28C2F8C4005261D1 /* BankTeruya.app */;
			productType = "com.apple.product-type.application";
		};
		AE0D58C028C2F8C8005261D1 /* BankTeruyaTests */ = {
			isa = PBXNativeTarget;
			buildConfigurationList = AE0D58D828C2F8C8005261D1 /* Build configuration list for PBXNativeTarget "BankTeruyaTests" */;
			buildPhases = (
				AE0D58BD28C2F8C8005261D1 /* Sources */,
				AE0D58BE28C2F8C8005261D1 /* Frameworks */,
				AE0D58BF28C2F8C8005261D1 /* Resources */,
			);
			buildRules = (
			);
			dependencies = (
				AE0D58C328C2F8C8005261D1 /* PBXTargetDependency */,
			);
			name = BankTeruyaTests;
			productName = BankTeruyaTests;
			productReference = AE0D58C128C2F8C8005261D1 /* BankTeruyaTests.xctest */;
			productType = "com.apple.product-type.bundle.unit-test";
		};
		AE0D58CA28C2F8C8005261D1 /* BankTeruyaUITests */ = {
			isa = PBXNativeTarget;
			buildConfigurationList = AE0D58DB28C2F8C8005261D1 /* Build configuration list for PBXNativeTarget "BankTeruyaUITests" */;
			buildPhases = (
				AE0D58C728C2F8C8005261D1 /* Sources */,
				AE0D58C828C2F8C8005261D1 /* Frameworks */,
				AE0D58C928C2F8C8005261D1 /* Resources */,
			);
			buildRules = (
			);
			dependencies = (
				AE0D58CD28C2F8C8005261D1 /* PBXTargetDependency */,
			);
			name = BankTeruyaUITests;
			productName = BankTeruyaUITests;
			productReference = AE0D58CB28C2F8C8005261D1 /* BankTeruyaUITests.xctest */;
			productType = "com.apple.product-type.bundle.ui-testing";
		};
/* End PBXNativeTarget section */

/* Begin PBXProject section */
		AE0D58A328C2F8C4005261D1 /* Project object */ = {
			isa = PBXProject;
			attributes = {
				BuildIndependentTargetsInParallel = 1;
				LastSwiftUpdateCheck = 1340;
				LastUpgradeCheck = 1340;
				TargetAttributes = {
					AE0D58AA28C2F8C4005261D1 = {
						CreatedOnToolsVersion = 13.4.1;
					};
					AE0D58C028C2F8C8005261D1 = {
						CreatedOnToolsVersion = 13.4.1;
						TestTargetID = AE0D58AA28C2F8C4005261D1;
					};
					AE0D58CA28C2F8C8005261D1 = {
						CreatedOnToolsVersion = 13.4.1;
						TestTargetID = AE0D58AA28C2F8C4005261D1;
					};
				};
			};
			buildConfigurationList = AE0D58A628C2F8C4005261D1 /* Build configuration list for PBXProject "BankTeruya" */;
			compatibilityVersion = "Xcode 13.0";
			developmentRegion = en;
			hasScannedForEncodings = 0;
			knownRegions = (
				en,
				Base,
			);
			mainGroup = AE0D58A228C2F8C4005261D1;
			productRefGroup = AE0D58AC28C2F8C4005261D1 /* Products */;
			projectDirPath = "";
			projectRoot = "";
			targets = (
				AE0D58AA28C2F8C4005261D1 /* BankTeruya */,
				AE0D58C028C2F8C8005261D1 /* BankTeruyaTests */,
				AE0D58CA28C2F8C8005261D1 /* BankTeruyaUITests */,
			);
		};
/* End PBXProject section */

/* Begin PBXResourcesBuildPhase section */
		AE0D58A928C2F8C4005261D1 /* Resources */ = {
			isa = PBXResourcesBuildPhase;
			buildActionMask = 2147483647;
			files = (
				AE0D58BB28C2F8C7005261D1 /* LaunchScreen.storyboard in Resources */,
				AE0D58DF28C2FD1E005261D1 /* ViewController.xib in Resources */,
				AE0D58B828C2F8C7005261D1 /* Assets.xcassets in Resources */,
				AE0D590B28C445AF005261D1 /* AccountController.xib in Resources */,
			);
			runOnlyForDeploymentPostprocessing = 0;
		};
		AE0D58BF28C2F8C8005261D1 /* Resources */ = {
			isa = PBXResourcesBuildPhase;
			buildActionMask = 2147483647;
			files = (
			);
			runOnlyForDeploymentPostprocessing = 0;
		};
		AE0D58C928C2F8C8005261D1 /* Resources */ = {
			isa = PBXResourcesBuildPhase;
			buildActionMask = 2147483647;
			files = (
			);
			runOnlyForDeploymentPostprocessing = 0;
		};
/* End PBXResourcesBuildPhase section */

/* Begin PBXSourcesBuildPhase section */
		AE0D58A728C2F8C4005261D1 /* Sources */ = {
			isa = PBXSourcesBuildPhase;
			buildActionMask = 2147483647;
			files = (
				AE0D58FD28C31A84005261D1 /* LoginModel.swift in Sources */,
				AE0D590028C31CB6005261D1 /* LoginService.swift in Sources */,
				AE0D58FA28C31A3E005261D1 /* LoginPresenter.swift in Sources */,
				AE0D58B328C2F8C4005261D1 /* ViewController.swift in Sources */,
				AE0D590528C31EBF005261D1 /* AppCoordinator.swift in Sources */,
				AE0D58AF28C2F8C4005261D1 /* AppDelegate.swift in Sources */,
				AE0D590928C44556005261D1 /* AccountController.swift in Sources */,
				AE0D58B128C2F8C4005261D1 /* SceneDelegate.swift in Sources */,
				AE0D590328C31E9D005261D1 /* Coordinator.swift in Sources */,
			);
			runOnlyForDeploymentPostprocessing = 0;
		};
		AE0D58BD28C2F8C8005261D1 /* Sources */ = {
			isa = PBXSourcesBuildPhase;
			buildActionMask = 2147483647;
			files = (
				AE0D58C628C2F8C8005261D1 /* BankTeruyaTests.swift in Sources */,
			);
			runOnlyForDeploymentPostprocessing = 0;
		};
		AE0D58C728C2F8C8005261D1 /* Sources */ = {
			isa = PBXSourcesBuildPhase;
			buildActionMask = 2147483647;
			files = (
				AE0D58D228C2F8C8005261D1 /* BankTeruyaUITestsLaunchTests.swift in Sources */,
				AE0D58D028C2F8C8005261D1 /* BankTeruyaUITests.swift in Sources */,
			);
			runOnlyForDeploymentPostprocessing = 0;
		};
/* End PBXSourcesBuildPhase section */

/* Begin PBXTargetDependency section */
		AE0D58C328C2F8C8005261D1 /* PBXTargetDependency */ = {
			isa = PBXTargetDependency;
			target = AE0D58AA28C2F8C4005261D1 /* BankTeruya */;
			targetProxy = AE0D58C228C2F8C8005261D1 /* PBXContainerItemProxy */;
		};
		AE0D58CD28C2F8C8005261D1 /* PBXTargetDependency */ = {
			isa = PBXTargetDependency;
			target = AE0D58AA28C2F8C4005261D1 /* BankTeruya */;
			targetProxy = AE0D58CC28C2F8C8005261D1 /* PBXContainerItemProxy */;
		};
/* End PBXTargetDependency section */

/* Begin PBXVariantGroup section */
		AE0D58B928C2F8C7005261D1 /* LaunchScreen.storyboard */ = {
			isa = PBXVariantGroup;
			children = (
				AE0D58BA28C2F8C7005261D1 /* Base */,
			);
			name = LaunchScreen.storyboard;
			sourceTree = "<group>";
		};
/* End PBXVariantGroup section */

/* Begin XCBuildConfiguration section */
		AE0D58D328C2F8C8005261D1 /* Debug */ = {
			isa = XCBuildConfiguration;
			buildSettings = {
				ALWAYS_SEARCH_USER_PATHS = NO;
				CLANG_ANALYZER_NONNULL = YES;
				CLANG_ANALYZER_NUMBER_OBJECT_CONVERSION = YES_AGGRESSIVE;
				CLANG_CXX_LANGUAGE_STANDARD = "gnu++17";
				CLANG_ENABLE_MODULES = YES;
				CLANG_ENABLE_OBJC_ARC = YES;
				CLANG_ENABLE_OBJC_WEAK = YES;
				CLANG_WARN_BLOCK_CAPTURE_AUTORELEASING = YES;
				CLANG_WARN_BOOL_CONVERSION = YES;
				CLANG_WARN_COMMA = YES;
				CLANG_WARN_CONSTANT_CONVERSION = YES;
				CLANG_WARN_DEPRECATED_OBJC_IMPLEMENTATIONS = YES;
				CLANG_WARN_DIRECT_OBJC_ISA_USAGE = YES_ERROR;
				CLANG_WARN_DOCUMENTATION_COMMENTS = YES;
				CLANG_WARN_EMPTY_BODY = YES;
				CLANG_WARN_ENUM_CONVERSION = YES;
				CLANG_WARN_INFINITE_RECURSION = YES;
				CLANG_WARN_INT_CONVERSION = YES;
				CLANG_WARN_NON_LITERAL_NULL_CONVERSION = YES;
				CLANG_WARN_OBJC_IMPLICIT_RETAIN_SELF = YES;
				CLANG_WARN_OBJC_LITERAL_CONVERSION = YES;
				CLANG_WARN_OBJC_ROOT_CLASS = YES_ERROR;
				CLANG_WARN_QUOTED_INCLUDE_IN_FRAMEWORK_HEADER = YES;
				CLANG_WARN_RANGE_LOOP_ANALYSIS = YES;
				CLANG_WARN_STRICT_PROTOTYPES = YES;
				CLANG_WARN_SUSPICIOUS_MOVE = YES;
				CLANG_WARN_UNGUARDED_AVAILABILITY = YES_AGGRESSIVE;
				CLANG_WARN_UNREACHABLE_CODE = YES;
				CLANG_WARN__DUPLICATE_METHOD_MATCH = YES;
				COPY_PHASE_STRIP = NO;
				DEBUG_INFORMATION_FORMAT = dwarf;
				ENABLE_STRICT_OBJC_MSGSEND = YES;
				ENABLE_TESTABILITY = YES;
				GCC_C_LANGUAGE_STANDARD = gnu11;
				GCC_DYNAMIC_NO_PIC = NO;
				GCC_NO_COMMON_BLOCKS = YES;
				GCC_OPTIMIZATION_LEVEL = 0;
				GCC_PREPROCESSOR_DEFINITIONS = (
					"DEBUG=1",
					"$(inherited)",
				);
				GCC_WARN_64_TO_32_BIT_CONVERSION = YES;
				GCC_WARN_ABOUT_RETURN_TYPE = YES_ERROR;
				GCC_WARN_UNDECLARED_SELECTOR = YES;
				GCC_WARN_UNINITIALIZED_AUTOS = YES_AGGRESSIVE;
				GCC_WARN_UNUSED_FUNCTION = YES;
				GCC_WARN_UNUSED_VARIABLE = YES;
				IPHONEOS_DEPLOYMENT_TARGET = 15.5;
				MTL_ENABLE_DEBUG_INFO = INCLUDE_SOURCE;
				MTL_FAST_MATH = YES;
				ONLY_ACTIVE_ARCH = YES;
				SDKROOT = iphoneos;
				SWIFT_ACTIVE_COMPILATION_CONDITIONS = DEBUG;
				SWIFT_OPTIMIZATION_LEVEL = "-Onone";
			};
			name = Debug;
		};
		AE0D58D428C2F8C8005261D1 /* Release */ = {
			isa = XCBuildConfiguration;
			buildSettings = {
				ALWAYS_SEARCH_USER_PATHS = NO;
				CLANG_ANALYZER_NONNULL = YES;
				CLANG_ANALYZER_NUMBER_OBJECT_CONVERSION = YES_AGGRESSIVE;
				CLANG_CXX_LANGUAGE_STANDARD = "gnu++17";
				CLANG_ENABLE_MODULES = YES;
				CLANG_ENABLE_OBJC_ARC = YES;
				CLANG_ENABLE_OBJC_WEAK = YES;
				CLANG_WARN_BLOCK_CAPTURE_AUTORELEASING = YES;
				CLANG_WARN_BOOL_CONVERSION = YES;
				CLANG_WARN_COMMA = YES;
				CLANG_WARN_CONSTANT_CONVERSION = YES;
				CLANG_WARN_DEPRECATED_OBJC_IMPLEMENTATIONS = YES;
				CLANG_WARN_DIRECT_OBJC_ISA_USAGE = YES_ERROR;
				CLANG_WARN_DOCUMENTATION_COMMENTS = YES;
				CLANG_WARN_EMPTY_BODY = YES;
				CLANG_WARN_ENUM_CONVERSION = YES;
				CLANG_WARN_INFINITE_RECURSION = YES;
				CLANG_WARN_INT_CONVERSION = YES;
				CLANG_WARN_NON_LITERAL_NULL_CONVERSION = YES;
				CLANG_WARN_OBJC_IMPLICIT_RETAIN_SELF = YES;
				CLANG_WARN_OBJC_LITERAL_CONVERSION = YES;
				CLANG_WARN_OBJC_ROOT_CLASS = YES_ERROR;
				CLANG_WARN_QUOTED_INCLUDE_IN_FRAMEWORK_HEADER = YES;
				CLANG_WARN_RANGE_LOOP_ANALYSIS = YES;
				CLANG_WARN_STRICT_PROTOTYPES = YES;
				CLANG_WARN_SUSPICIOUS_MOVE = YES;
				CLANG_WARN_UNGUARDED_AVAILABILITY = YES_AGGRESSIVE;
				CLANG_WARN_UNREACHABLE_CODE = YES;
				CLANG_WARN__DUPLICATE_METHOD_MATCH = YES;
				COPY_PHASE_STRIP = NO;
				DEBUG_INFORMATION_FORMAT = "dwarf-with-dsym";
				ENABLE_NS_ASSERTIONS = NO;
				ENABLE_STRICT_OBJC_MSGSEND = YES;
				GCC_C_LANGUAGE_STANDARD = gnu11;
				GCC_NO_COMMON_BLOCKS = YES;
				GCC_WARN_64_TO_32_BIT_CONVERSION = YES;
				GCC_WARN_ABOUT_RETURN_TYPE = YES_ERROR;
				GCC_WARN_UNDECLARED_SELECTOR = YES;
				GCC_WARN_UNINITIALIZED_AUTOS = YES_AGGRESSIVE;
				GCC_WARN_UNUSED_FUNCTION = YES;
				GCC_WARN_UNUSED_VARIABLE = YES;
				IPHONEOS_DEPLOYMENT_TARGET = 15.5;
				MTL_ENABLE_DEBUG_INFO = NO;
				MTL_FAST_MATH = YES;
				SDKROOT = iphoneos;
				SWIFT_COMPILATION_MODE = wholemodule;
				SWIFT_OPTIMIZATION_LEVEL = "-O";
				VALIDATE_PRODUCT = YES;
			};
			name = Release;
		};
		AE0D58D628C2F8C8005261D1 /* Debug */ = {
			isa = XCBuildConfiguration;
			buildSettings = {
				ASSETCATALOG_COMPILER_APPICON_NAME = AppIcon;
				ASSETCATALOG_COMPILER_GLOBAL_ACCENT_COLOR_NAME = AccentColor;
				CODE_SIGN_STYLE = Automatic;
				CURRENT_PROJECT_VERSION = 1;
				GENERATE_INFOPLIST_FILE = YES;
				INFOPLIST_FILE = BankTeruya/Info.plist;
				INFOPLIST_KEY_UIApplicationSupportsIndirectInputEvents = YES;
				INFOPLIST_KEY_UILaunchStoryboardName = LaunchScreen;
				INFOPLIST_KEY_UISupportedInterfaceOrientations_iPad = "UIInterfaceOrientationPortrait UIInterfaceOrientationPortraitUpsideDown UIInterfaceOrientationLandscapeLeft UIInterfaceOrientationLandscapeRight";
				INFOPLIST_KEY_UISupportedInterfaceOrientations_iPhone = "UIInterfaceOrientationPortrait UIInterfaceOrientationLandscapeLeft UIInterfaceOrientationLandscapeRight";
				LD_RUNPATH_SEARCH_PATHS = (
					"$(inherited)",
					"@executable_path/Frameworks",
				);
				MARKETING_VERSION = 1.0;
				PRODUCT_BUNDLE_IDENTIFIER = com.app.BankTeruya;
				PRODUCT_NAME = "$(TARGET_NAME)";
				SWIFT_EMIT_LOC_STRINGS = YES;
				SWIFT_VERSION = 5.0;
				TARGETED_DEVICE_FAMILY = "1,2";
			};
			name = Debug;
		};
		AE0D58D728C2F8C8005261D1 /* Release */ = {
			isa = XCBuildConfiguration;
			buildSettings = {
				ASSETCATALOG_COMPILER_APPICON_NAME = AppIcon;
				ASSETCATALOG_COMPILER_GLOBAL_ACCENT_COLOR_NAME = AccentColor;
				CODE_SIGN_STYLE = Automatic;
				CURRENT_PROJECT_VERSION = 1;
				GENERATE_INFOPLIST_FILE = YES;
				INFOPLIST_FILE = BankTeruya/Info.plist;
				INFOPLIST_KEY_UIApplicationSupportsIndirectInputEvents = YES;
				INFOPLIST_KEY_UILaunchStoryboardName = LaunchScreen;
				INFOPLIST_KEY_UISupportedInterfaceOrientations_iPad = "UIInterfaceOrientationPortrait UIInterfaceOrientationPortraitUpsideDown UIInterfaceOrientationLandscapeLeft UIInterfaceOrientationLandscapeRight";
				INFOPLIST_KEY_UISupportedInterfaceOrientations_iPhone = "UIInterfaceOrientationPortrait UIInterfaceOrientationLandscapeLeft UIInterfaceOrientationLandscapeRight";
				LD_RUNPATH_SEARCH_PATHS = (
					"$(inherited)",
					"@executable_path/Frameworks",
				);
				MARKETING_VERSION = 1.0;
				PRODUCT_BUNDLE_IDENTIFIER = com.app.BankTeruya;
				PRODUCT_NAME = "$(TARGET_NAME)";
				SWIFT_EMIT_LOC_STRINGS = YES;
				SWIFT_VERSION = 5.0;
				TARGETED_DEVICE_FAMILY = "1,2";
			};
			name = Release;
		};
		AE0D58D928C2F8C8005261D1 /* Debug */ = {
			isa = XCBuildConfiguration;
			buildSettings = {
				ALWAYS_EMBED_SWIFT_STANDARD_LIBRARIES = YES;
				BUNDLE_LOADER = "$(TEST_HOST)";
				CODE_SIGN_STYLE = Automatic;
				CURRENT_PROJECT_VERSION = 1;
				GENERATE_INFOPLIST_FILE = YES;
				IPHONEOS_DEPLOYMENT_TARGET = 15.5;
				MARKETING_VERSION = 1.0;
				PRODUCT_BUNDLE_IDENTIFIER = com.app.BankTeruyaTests;
				PRODUCT_NAME = "$(TARGET_NAME)";
				SWIFT_EMIT_LOC_STRINGS = NO;
				SWIFT_VERSION = 5.0;
				TARGETED_DEVICE_FAMILY = "1,2";
				TEST_HOST = "$(BUILT_PRODUCTS_DIR)/BankTeruya.app/BankTeruya";
			};
			name = Debug;
		};
		AE0D58DA28C2F8C8005261D1 /* Release */ = {
			isa = XCBuildConfiguration;
			buildSettings = {
				ALWAYS_EMBED_SWIFT_STANDARD_LIBRARIES = YES;
				BUNDLE_LOADER = "$(TEST_HOST)";
				CODE_SIGN_STYLE = Automatic;
				CURRENT_PROJECT_VERSION = 1;
				GENERATE_INFOPLIST_FILE = YES;
				IPHONEOS_DEPLOYMENT_TARGET = 15.5;
				MARKETING_VERSION = 1.0;
				PRODUCT_BUNDLE_IDENTIFIER = com.app.BankTeruyaTests;
				PRODUCT_NAME = "$(TARGET_NAME)";
				SWIFT_EMIT_LOC_STRINGS = NO;
				SWIFT_VERSION = 5.0;
				TARGETED_DEVICE_FAMILY = "1,2";
				TEST_HOST = "$(BUILT_PRODUCTS_DIR)/BankTeruya.app/BankTeruya";
			};
			name = Release;
		};
		AE0D58DC28C2F8C8005261D1 /* Debug */ = {
			isa = XCBuildConfiguration;
			buildSettings = {
				ALWAYS_EMBED_SWIFT_STANDARD_LIBRARIES = YES;
				CODE_SIGN_STYLE = Automatic;
				CURRENT_PROJECT_VERSION = 1;
				GENERATE_INFOPLIST_FILE = YES;
				MARKETING_VERSION = 1.0;
				PRODUCT_BUNDLE_IDENTIFIER = com.app.BankTeruyaUITests;
				PRODUCT_NAME = "$(TARGET_NAME)";
				SWIFT_EMIT_LOC_STRINGS = NO;
				SWIFT_VERSION = 5.0;
				TARGETED_DEVICE_FAMILY = "1,2";
				TEST_TARGET_NAME = BankTeruya;
			};
			name = Debug;
		};
		AE0D58DD28C2F8C8005261D1 /* Release */ = {
			isa = XCBuildConfiguration;
			buildSettings = {
				ALWAYS_EMBED_SWIFT_STANDARD_LIBRARIES = YES;
				CODE_SIGN_STYLE = Automatic;
				CURRENT_PROJECT_VERSION = 1;
				GENERATE_INFOPLIST_FILE = YES;
				MARKETING_VERSION = 1.0;
				PRODUCT_BUNDLE_IDENTIFIER = com.app.BankTeruyaUITests;
				PRODUCT_NAME = "$(TARGET_NAME)";
				SWIFT_EMIT_LOC_STRINGS = NO;
				SWIFT_VERSION = 5.0;
				TARGETED_DEVICE_FAMILY = "1,2";
				TEST_TARGET_NAME = BankTeruya;
			};
			name = Release;
		};
/* End XCBuildConfiguration section */

/* Begin XCConfigurationList section */
		AE0D58A628C2F8C4005261D1 /* Build configuration list for PBXProject "BankTeruya" */ = {
			isa = XCConfigurationList;
			buildConfigurations = (
				AE0D58D328C2F8C8005261D1 /* Debug */,
				AE0D58D428C2F8C8005261D1 /* Release */,
			);
			defaultConfigurationIsVisible = 0;
			defaultConfigurationName = Release;
		};
		AE0D58D528C2F8C8005261D1 /* Build configuration list for PBXNativeTarget "BankTeruya" */ = {
			isa = XCConfigurationList;
			buildConfigurations = (
				AE0D58D628C2F8C8005261D1 /* Debug */,
				AE0D58D728C2F8C8005261D1 /* Release */,
			);
			defaultConfigurationIsVisible = 0;
			defaultConfigurationName = Release;
		};
		AE0D58D828C2F8C8005261D1 /* Build configuration list for PBXNativeTarget "BankTeruyaTests" */ = {
			isa = XCConfigurationList;
			buildConfigurations = (
				AE0D58D928C2F8C8005261D1 /* Debug */,
				AE0D58DA28C2F8C8005261D1 /* Release */,
			);
			defaultConfigurationIsVisible = 0;
			defaultConfigurationName = Release;
		};
		AE0D58DB28C2F8C8005261D1 /* Build configuration list for PBXNativeTarget "BankTeruyaUITests" */ = {
			isa = XCConfigurationList;
			buildConfigurations = (
				AE0D58DC28C2F8C8005261D1 /* Debug */,
				AE0D58DD28C2F8C8005261D1 /* Release */,
			);
			defaultConfigurationIsVisible = 0;
			defaultConfigurationName = Release;
		};
/* End XCConfigurationList section */
	};
	rootObject = AE0D58A328C2F8C4005261D1 /* Project object */;
}
